
Microsoft Visual Studio Solution File, Format Version 12.00
# Visual Studio Version 17
VisualStudioVersion = 17.6.33801.468
MinimumVisualStudioVersion = 10.0.40219.1
Project("{9A19103F-16F7-4668-BE54-9A1E7A4F7556}") = "VirtualizedGridDemo", "VirtualizedGridDemo\VirtualizedGridDemo.csproj", "{F3BEB54A-4655-407A-8FD2-DBA1BA978BB1}"
EndProject
Project("{9A19103F-16F7-4668-BE54-9A1E7A4F7556}") = "VirtualizedGridDemo.Desktop", "VirtualizedGridDemo.Desktop\VirtualizedGridDemo.Desktop.csproj", "{D88B8230-0BFA-48E2-BA8C-C1E006AF94BF}"
EndProject
Global
	GlobalSection(SolutionConfigurationPlatforms) = preSolution
		Debug|Any CPU = Debug|Any CPU
		Release|Any CPU = Release|Any CPU
	EndGlobalSection
	GlobalSection(ProjectConfigurationPlatforms) = postSolution
		{F3BEB54A-4655-407A-8FD2-DBA1BA978BB1}.Debug|Any CPU.ActiveCfg = Debug|Any CPU
		{F3BEB54A-4655-407A-8FD2-DBA1BA978BB1}.Debug|Any CPU.Build.0 = Debug|Any CPU
		{F3BEB54A-4655-407A-8FD2-DBA1BA978BB1}.Release|Any CPU.ActiveCfg = Release|Any CPU
		{F3BEB54A-4655-407A-8FD2-DBA1BA978BB1}.Release|Any CPU.Build.0 = Release|Any CPU
		{D88B8230-0BFA-48E2-BA8C-C1E006AF94BF}.Debug|Any CPU.ActiveCfg = Debug|Any CPU
		{D88B8230-0BFA-48E2-BA8C-C1E006AF94BF}.Debug|Any CPU.Build.0 = Debug|Any CPU
		{D88B8230-0BFA-48E2-BA8C-C1E006AF94BF}.Release|Any CPU.ActiveCfg = Release|Any CPU
		{D88B8230-0BFA-48E2-BA8C-C1E006AF94BF}.Release|Any CPU.Build.0 = Release|Any CPU
	EndGlobalSection
	GlobalSection(SolutionProperties) = preSolution
		HideSolutionNode = FALSE
	EndGlobalSection
	GlobalSection(ExtensibilityGlobals) = postSolution
		SolutionGuid = {46701103-3BA5-4419-8193-9224F56487D1}
	EndGlobalSection
EndGlobal
